
Microsoft Visual Studio Solution File, Format Version 12.00
# Visual Studio Version 17
VisualStudioVersion = 17.13.35825.156
MinimumVisualStudioVersion = 10.0.40219.1
Project("{FAE04EC0-301F-11D3-BF4B-00C04F79EFBC}") = "EjemploClases", "EjemploClases\EjemploClases.csproj", "{C8F7FCB6-8EA9-4E59-9C77-61DA0142020B}"
EndProject
Project("{FAE04EC0-301F-11D3-BF4B-00C04F79EFBC}") = "Ejecucion", "Ejecucion\Ejecucion.csproj", "{1421E430-348E-4E45-8D5E-5F75EF9C9FA1}"
EndProject
Global
	GlobalSection(SolutionConfigurationPlatforms) = preSolution
		Debug|Any CPU = Debug|Any CPU
		Release|Any CPU = Release|Any CPU
	EndGlobalSection
	GlobalSection(ProjectConfigurationPlatforms) = postSolution
		{C8F7FCB6-8EA9-4E59-9C77-61DA0142020B}.Debug|Any CPU.ActiveCfg = Debug|Any CPU
		{C8F7FCB6-8EA9-4E59-9C77-61DA0142020B}.Debug|Any CPU.Build.0 = Debug|Any CPU
		{C8F7FCB6-8EA9-4E59-9C77-61DA0142020B}.Release|Any CPU.ActiveCfg = Release|Any CPU
		{C8F7FCB6-8EA9-4E59-9C77-61DA0142020B}.Release|Any CPU.Build.0 = Release|Any CPU
		{1421E430-348E-4E45-8D5E-5F75EF9C9FA1}.Debug|Any CPU.ActiveCfg = Debug|Any CPU
		{1421E430-348E-4E45-8D5E-5F75EF9C9FA1}.Debug|Any CPU.Build.0 = Debug|Any CPU
		{1421E430-348E-4E45-8D5E-5F75EF9C9FA1}.Release|Any CPU.ActiveCfg = Release|Any CPU
		{1421E430-348E-4E45-8D5E-5F75EF9C9FA1}.Release|Any CPU.Build.0 = Release|Any CPU
	EndGlobalSection
	GlobalSection(SolutionProperties) = preSolution
		HideSolutionNode = FALSE
	EndGlobalSection
	GlobalSection(ExtensibilityGlobals) = postSolution
		SolutionGuid = {429899EE-0910-4CB6-82A1-BDBF3779ED28}
	EndGlobalSection
EndGlobal
